
Microsoft Visual Studio Solution File, Format Version 12.00
# Visual Studio Version 17
VisualStudioVersion = 17.11.35327.3
MinimumVisualStudioVersion = 10.0.40219.1
Project("{2150E333-8FDC-42A3-9474-1A3956D46DE8}") = "src", "src", "{533FBA21-DF40-4046-9F5F-60D78EBF98F9}"
EndProject
Project("{FAE04EC0-301F-11D3-BF4B-00C04F79EFBC}") = "AccountService.Api", "src\AccountService.Api\AccountService.Api.csproj", "{BDC0260B-1C0C-42FF-B8F6-CB3C0DBFD247}"
EndProject
Project("{FAE04EC0-301F-11D3-BF4B-00C04F79EFBC}") = "AccountService.Application", "src\AccountService.Application\AccountService.Application.csproj", "{A1557783-C751-41D3-8062-FCC108979629}"
EndProject
Project("{FAE04EC0-301F-11D3-BF4B-00C04F79EFBC}") = "AccountService.Infrastructure", "src\AccountService.Infrastructure\AccountService.Infrastructure.csproj", "{A3E2E6D7-1513-4CE5-B3F6-B72EAA16A6BA}"
EndProject
Project("{FAE04EC0-301F-11D3-BF4B-00C04F79EFBC}") = "AccountService.Domain", "src\AccountService.Domain\AccountService.Domain.csproj", "{89FE7314-D4B3-415F-82B9-BF9A6991811F}"
EndProject
Project("{2150E333-8FDC-42A3-9474-1A3956D46DE8}") = "Solution Items", "Solution Items", "{B75CF7D7-5929-4972-BEE0-9A421C9C1E37}"
	ProjectSection(SolutionItems) = preProject
		.dockerignore = .dockerignore
		.gitignore = .gitignore
	EndProjectSection
EndProject
Global
	GlobalSection(SolutionConfigurationPlatforms) = preSolution
		Debug|Any CPU = Debug|Any CPU
		Release|Any CPU = Release|Any CPU
	EndGlobalSection
	GlobalSection(ProjectConfigurationPlatforms) = postSolution
		{BDC0260B-1C0C-42FF-B8F6-CB3C0DBFD247}.Debug|Any CPU.ActiveCfg = Debug|Any CPU
		{BDC0260B-1C0C-42FF-B8F6-CB3C0DBFD247}.Debug|Any CPU.Build.0 = Debug|Any CPU
		{BDC0260B-1C0C-42FF-B8F6-CB3C0DBFD247}.Release|Any CPU.ActiveCfg = Release|Any CPU
		{BDC0260B-1C0C-42FF-B8F6-CB3C0DBFD247}.Release|Any CPU.Build.0 = Release|Any CPU
		{A1557783-C751-41D3-8062-FCC108979629}.Debug|Any CPU.ActiveCfg = Debug|Any CPU
		{A1557783-C751-41D3-8062-FCC108979629}.Debug|Any CPU.Build.0 = Debug|Any CPU
		{A1557783-C751-41D3-8062-FCC108979629}.Release|Any CPU.ActiveCfg = Release|Any CPU
		{A1557783-C751-41D3-8062-FCC108979629}.Release|Any CPU.Build.0 = Release|Any CPU
		{A3E2E6D7-1513-4CE5-B3F6-B72EAA16A6BA}.Debug|Any CPU.ActiveCfg = Debug|Any CPU
		{A3E2E6D7-1513-4CE5-B3F6-B72EAA16A6BA}.Debug|Any CPU.Build.0 = Debug|Any CPU
		{A3E2E6D7-1513-4CE5-B3F6-B72EAA16A6BA}.Release|Any CPU.ActiveCfg = Release|Any CPU
		{A3E2E6D7-1513-4CE5-B3F6-B72EAA16A6BA}.Release|Any CPU.Build.0 = Release|Any CPU
		{89FE7314-D4B3-415F-82B9-BF9A6991811F}.Debug|Any CPU.ActiveCfg = Debug|Any CPU
		{89FE7314-D4B3-415F-82B9-BF9A6991811F}.Debug|Any CPU.Build.0 = Debug|Any CPU
		{89FE7314-D4B3-415F-82B9-BF9A6991811F}.Release|Any CPU.ActiveCfg = Release|Any CPU
		{89FE7314-D4B3-415F-82B9-BF9A6991811F}.Release|Any CPU.Build.0 = Release|Any CPU
	EndGlobalSection
	GlobalSection(SolutionProperties) = preSolution
		HideSolutionNode = FALSE
	EndGlobalSection
	GlobalSection(NestedProjects) = preSolution
		{BDC0260B-1C0C-42FF-B8F6-CB3C0DBFD247} = {533FBA21-DF40-4046-9F5F-60D78EBF98F9}
		{A1557783-C751-41D3-8062-FCC108979629} = {533FBA21-DF40-4046-9F5F-60D78EBF98F9}
		{A3E2E6D7-1513-4CE5-B3F6-B72EAA16A6BA} = {533FBA21-DF40-4046-9F5F-60D78EBF98F9}
		{89FE7314-D4B3-415F-82B9-BF9A6991811F} = {533FBA21-DF40-4046-9F5F-60D78EBF98F9}
	EndGlobalSection
	GlobalSection(ExtensibilityGlobals) = postSolution
		SolutionGuid = {FA52416B-362D-4C91-88AD-1E3FCEBDD274}
	EndGlobalSection
EndGlobal
